// !$*UTF8*$!
{
	archiveVersion = 1;
	classes = {
	};
	objectVersion = 46;
	objects = {

/* Begin PBXBuildFile section */
		3250345E1D518AD8007A3DDC /* main.m in Sources */ = {isa = PBXBuildFile; fileRef = 3250345D1D518AD8007A3DDC /* main.m */; };
		325034611D518AD8007A3DDC /* AppDelegate.m in Sources */ = {isa = PBXBuildFile; fileRef = 325034601D518AD8007A3DDC /* AppDelegate.m */; };
		325034641D518AD8007A3DDC /* ViewController.m in Sources */ = {isa = PBXBuildFile; fileRef = 325034631D518AD8007A3DDC /* ViewController.m */; };
		325034671D518AD8007A3DDC /* Main.storyboard in Resources */ = {isa = PBXBuildFile; fileRef = 325034651D518AD8007A3DDC /* Main.storyboard */; };
		325034691D518AD8007A3DDC /* Assets.xcassets in Resources */ = {isa = PBXBuildFile; fileRef = 325034681D518AD8007A3DDC /* Assets.xcassets */; };
		3250346C1D518AD8007A3DDC /* LaunchScreen.storyboard in Resources */ = {isa = PBXBuildFile; fileRef = 3250346A1D518AD8007A3DDC /* LaunchScreen.storyboard */; };
/* End PBXBuildFile section */

/* Begin PBXFileReference section */
		325034591D518AD8007A3DDC /* QueueTest.app */ = {isa = PBXFileReference; explicitFileType = wrapper.application; includeInIndex = 0; path = QueueTest.app; sourceTree = BUILT_PRODUCTS_DIR; };
		3250345D1D518AD8007A3DDC /* main.m */ = {isa = PBXFileReference; lastKnownFileType = sourcecode.c.objc; path = main.m; sourceTree = "<group>"; };
		3250345F1D518AD8007A3DDC /* AppDelegate.h */ = {isa = PBXFileReference; lastKnownFileType = sourcecode.c.h; path = AppDelegate.h; sourceTree = "<group>"; };
		325034601D518AD8007A3DDC /* AppDelegate.m */ = {isa = PBXFileReference; lastKnownFileType = sourcecode.c.objc; path = AppDelegate.m; sourceTree = "<group>"; };
		325034621D518AD8007A3DDC /* ViewController.h */ = {isa = PBXFileReference; lastKnownFileType = sourcecode.c.h; path = ViewController.h; sourceTree = "<group>"; };
		325034631D518AD8007A3DDC /* ViewController.m */ = {isa = PBXFileReference; lastKnownFileType = sourcecode.c.objc; path = ViewController.m; sourceTree = "<group>"; };
		325034661D518AD8007A3DDC /* Base */ = {isa = PBXFileReference; lastKnownFileType = file.storyboard; name = Base; path = Base.lproj/Main.storyboard; sourceTree = "<group>"; };
		325034681D518AD8007A3DDC /* Assets.xcassets */ = {isa = PBXFileReference; lastKnownFileType = folder.assetcatalog; path = Assets.xcassets; sourceTree = "<group>"; };
		3250346B1D518AD8007A3DDC /* Base */ = {isa = PBXFileReference; lastKnownFileType = file.storyboard; name = Base; path = Base.lproj/LaunchScreen.storyboard; sourceTree = "<group>"; };
		3250346D1D518AD8007A3DDC /* Info.plist */ = {isa = PBXFileReference; lastKnownFileType = text.plist.xml; path = Info.plist; sourceTree = "<group>"; };
/* End PBXFileReference section */

/* Begin PBXFrameworksBuildPhase section */
		325034561D518AD8007A3DDC /* Frameworks */ = {
			isa = PBXFrameworksBuildPhase;
			buildActionMask = 2147483647;
			files = (
			);
			runOnlyForDeploymentPostprocessing = 0;
		};
/* End PBXFrameworksBuildPhase section */

/* Begin PBXGroup section */
		325034501D518AD8007A3DDC = {
			isa = PBXGroup;
			children = (
				3250345B1D518AD8007A3DDC /* QueueTest */,
				3250345A1D518AD8007A3DDC /* Products */,
			);
			sourceTree = "<group>";
		};
		3250345A1D518AD8007A3DDC /* Products */ = {
			isa = PBXGroup;
			children = (
				325034591D518AD8007A3DDC /* QueueTest.app */,
			);
			name = Products;
			sourceTree = "<group>";
		};
		3250345B1D518AD8007A3DDC /* QueueTest */ = {
			isa = PBXGroup;
			children = (
				3250345F1D518AD8007A3DDC /* AppDelegate.h */,
				325034601D518AD8007A3DDC /* AppDelegate.m */,
				325034621D518AD8007A3DDC /* ViewController.h */,
				325034631D518AD8007A3DDC /* ViewController.m */,
				325034651D518AD8007A3DDC /* Main.storyboard */,
				325034681D518AD8007A3DDC /* Assets.xcassets */,
				3250346A1D518AD8007A3DDC /* LaunchScreen.storyboard */,
				3250346D1D518AD8007A3DDC /* Info.plist */,
				3250345C1D518AD8007A3DDC /* Supporting Files */,
			);
			path = QueueTest;
			sourceTree = "<group>";
		};
		3250345C1D518AD8007A3DDC /* Supporting Files */ = {
			isa = PBXGroup;
			children = (
				3250345D1D518AD8007A3DDC /* main.m */,
			);
			name = "Supporting Files";
			sourceTree = "<group>";
		};
/* End PBXGroup section */

/* Begin PBXNativeTarget section */
		325034581D518AD8007A3DDC /* QueueTest */ = {
			isa = PBXNativeTarget;
			buildConfigurationList = 325034701D518AD8007A3DDC /* Build configuration list for PBXNativeTarget "QueueTest" */;
			buildPhases = (
				325034551D518AD8007A3DDC /* Sources */,
				325034561D518AD8007A3DDC /* Frameworks */,
				325034571D518AD8007A3DDC /* Resources */,
			);
			buildRules = (
			);
			dependencies = (
			);
			name = QueueTest;
			productName = QueueTest;
			productReference = 325034591D518AD8007A3DDC /* QueueTest.app */;
			productType = "com.apple.product-type.application";
		};
/* End PBXNativeTarget section */

/* Begin PBXProject section */
		325034511D518AD8007A3DDC /* Project object */ = {
			isa = PBXProject;
			attributes = {
				LastUpgradeCheck = 0730;
				ORGANIZATIONNAME = Test;
				TargetAttributes = {
					325034581D518AD8007A3DDC = {
						CreatedOnToolsVersion = 7.3.1;
					};
				};
			};
			buildConfigurationList = 325034541D518AD8007A3DDC /* Build configuration list for PBXProject "QueueTest" */;
			compatibilityVersion = "Xcode 3.2";
			developmentRegion = English;
			hasScannedForEncodings = 0;
			knownRegions = (
				en,
				Base,
			);
			mainGroup = 325034501D518AD8007A3DDC;
			productRefGroup = 3250345A1D518AD8007A3DDC /* Products */;
			projectDirPath = "";
			projectRoot = "";
			targets = (
				325034581D518AD8007A3DDC /* QueueTest */,
			);
		};
/* End PBXProject section */

/* Begin PBXResourcesBuildPhase section */
		325034571D518AD8007A3DDC /* Resources */ = {
			isa = PBXResourcesBuildPhase;
			buildActionMask = 2147483647;
			files = (
				3250346C1D518AD8007A3DDC /* LaunchScreen.storyboard in Resources */,
				325034691D518AD8007A3DDC /* Assets.xcassets in Resources */,
				325034671D518AD8007A3DDC /* Main.storyboard in Resources */,
			);
			runOnlyForDeploymentPostprocessing = 0;
		};
/* End PBXResourcesBuildPhase section */

/* Begin PBXSourcesBuildPhase section */
		325034551D518AD8007A3DDC /* Sources */ = {
			isa = PBXSourcesBuildPhase;
			buildActionMask = 2147483647;
			files = (
				325034641D518AD8007A3DDC /* ViewController.m in Sources */,
				325034611D518AD8007A3DDC /* AppDelegate.m in Sources */,
				3250345E1D518AD8007A3DDC /* main.m in Sources */,
			);
			runOnlyForDeploymentPostprocessing = 0;
		};
/* End PBXSourcesBuildPhase section */

/* Begin PBXVariantGroup section */
		325034651D518AD8007A3DDC /* Main.storyboard */ = {
			isa = PBXVariantGroup;
			children = (
				325034661D518AD8007A3DDC /* Base */,
			);
			name = Main.storyboard;
			sourceTree = "<group>";
		};
		3250346A1D518AD8007A3DDC /* LaunchScreen.storyboard */ = {
			isa = PBXVariantGroup;
			children = (
				3250346B1D518AD8007A3DDC /* Base */,
			);
			name = LaunchScreen.storyboard;
			sourceTree = "<group>";
		};
/* End PBXVariantGroup section */

/* Begin XCBuildConfiguration section */
		3250346E1D518AD8007A3DDC /* Debug */ = {
			isa = XCBuildConfiguration;
			buildSettings = {
				ALWAYS_SEARCH_USER_PATHS = NO;
				CLANG_ANALYZER_NONNULL = YES;
				CLANG_CXX_LANGUAGE_STANDARD = "gnu++0x";
				CLANG_CXX_LIBRARY = "libc++";
				CLANG_ENABLE_MODULES = YES;
				CLANG_ENABLE_OBJC_ARC = YES;
				CLANG_WARN_BOOL_CONVERSION = YES;
				CLANG_WARN_CONSTANT_CONVERSION = YES;
				CLANG_WARN_DIRECT_OBJC_ISA_USAGE = YES_ERROR;
				CLANG_WARN_EMPTY_BODY = YES;
				CLANG_WARN_ENUM_CONVERSION = YES;
				CLANG_WARN_INT_CONVERSION = YES;
				CLANG_WARN_OBJC_ROOT_CLASS = YES_ERROR;
				CLANG_WARN_UNREACHABLE_CODE = YES;
				CLANG_WARN__DUPLICATE_METHOD_MATCH = YES;
				"CODE_SIGN_IDENTITY[sdk=iphoneos*]" = "iPhone Developer";
				COPY_PHASE_STRIP = NO;
				DEBUG_INFORMATION_FORMAT = dwarf;
				ENABLE_STRICT_OBJC_MSGSEND = YES;
				ENABLE_TESTABILITY = YES;
				GCC_C_LANGUAGE_STANDARD = gnu99;
				GCC_DYNAMIC_NO_PIC = NO;
				GCC_NO_COMMON_BLOCKS = YES;
				GCC_OPTIMIZATION_LEVEL = 0;
				GCC_PREPROCESSOR_DEFINITIONS = (
					"DEBUG=1",
					"$(inherited)",
				);
				GCC_WARN_64_TO_32_BIT_CONVERSION = YES;
				GCC_WARN_ABOUT_RETURN_TYPE = YES_ERROR;
				GCC_WARN_UNDECLARED_SELECTOR = YES;
				GCC_WARN_UNINITIALIZED_AUTOS = YES_AGGRESSIVE;
				GCC_WARN_UNUSED_FUNCTION = YES;
				GCC_WARN_UNUSED_VARIABLE = YES;
				IPHONEOS_DEPLOYMENT_TARGET = 9.3;
				MTL_ENABLE_DEBUG_INFO = YES;
				ONLY_ACTIVE_ARCH = YES;
				SDKROOT = iphoneos;
				TARGETED_DEVICE_FAMILY = "1,2";
			};
			name = Debug;
		};
		3250346F1D518AD8007A3DDC /* Release */ = {
			isa = XCBuildConfiguration;
			buildSettings = {
				ALWAYS_SEARCH_USER_PATHS = NO;
				CLANG_ANALYZER_NONNULL = YES;
				CLANG_CXX_LANGUAGE_STANDARD = "gnu++0x";
				CLANG_CXX_LIBRARY = "libc++";
				CLANG_ENABLE_MODULES = YES;
				CLANG_ENABLE_OBJC_ARC = YES;
				CLANG_WARN_BOOL_CONVERSION = YES;
				CLANG_WARN_CONSTANT_CONVERSION = YES;
				CLANG_WARN_DIRECT_OBJC_ISA_USAGE = YES_ERROR;
				CLANG_WARN_EMPTY_BODY = YES;
				CLANG_WARN_ENUM_CONVERSION = YES;
				CLANG_WARN_INT_CONVERSION = YES;
				CLANG_WARN_OBJC_ROOT_CLASS = YES_ERROR;
				CLANG_WARN_UNREACHABLE_CODE = YES;
				CLANG_WARN__DUPLICATE_METHOD_MATCH = YES;
				"CODE_SIGN_IDENTITY[sdk=iphoneos*]" = "iPhone Developer";
				COPY_PHASE_STRIP = NO;
				DEBUG_INFORMATION_FORMAT = "dwarf-with-dsym";
				ENABLE_NS_ASSERTIONS = NO;
				ENABLE_STRICT_OBJC_MSGSEND = YES;
				GCC_C_LANGUAGE_STANDARD = gnu99;
				GCC_NO_COMMON_BLOCKS = YES;
				GCC_WARN_64_TO_32_BIT_CONVERSION = YES;
				GCC_WARN_ABOUT_RETURN_TYPE = YES_ERROR;
				GCC_WARN_UNDECLARED_SELECTOR = YES;
				GCC_WARN_UNINITIALIZED_AUTOS = YES_AGGRESSIVE;
				GCC_WARN_UNUSED_FUNCTION = YES;
				GCC_WARN_UNUSED_VARIABLE = YES;
				IPHONEOS_DEPLOYMENT_TARGET = 9.3;
				MTL_ENABLE_DEBUG_INFO = NO;
				SDKROOT = iphoneos;
				TARGETED_DEVICE_FAMILY = "1,2";
				VALIDATE_PRODUCT = YES;
			};
			name = Release;
		};
		325034711D518AD8007A3DDC /* Debug */ = {
			isa = XCBuildConfiguration;
			buildSettings = {
				ASSETCATALOG_COMPILER_APPICON_NAME = AppIcon;
				INFOPLIST_FILE = QueueTest/Info.plist;
				LD_RUNPATH_SEARCH_PATHS = "$(inherited) @executable_path/Frameworks";
				PRODUCT_BUNDLE_IDENTIFIER = Test.QueueTest;
				PRODUCT_NAME = "$(TARGET_NAME)";
			};
			name = Debug;
		};
		325034721D518AD8007A3DDC /* Release */ = {
			isa = XCBuildConfiguration;
			buildSettings = {
				ASSETCATALOG_COMPILER_APPICON_NAME = AppIcon;
				INFOPLIST_FILE = QueueTest/Info.plist;
				LD_RUNPATH_SEARCH_PATHS = "$(inherited) @executable_path/Frameworks";
				PRODUCT_BUNDLE_IDENTIFIER = Test.QueueTest;
				PRODUCT_NAME = "$(TARGET_NAME)";
			};
			name = Release;
		};
/* End XCBuildConfiguration section */

/* Begin XCConfigurationList section */
		325034541D518AD8007A3DDC /* Build configuration list for PBXProject "QueueTest" */ = {
			isa = XCConfigurationList;
			buildConfigurations = (
				3250346E1D518AD8007A3DDC /* Debug */,
				3250346F1D518AD8007A3DDC /* Release */,
			);
			defaultConfigurationIsVisible = 0;
			defaultConfigurationName = Release;
		};
		325034701D518AD8007A3DDC /* Build configuration list for PBXNativeTarget "QueueTest" */ = {
			isa = XCConfigurationList;
			buildConfigurations = (
				325034711D518AD8007A3DDC /* Debug */,
				325034721D518AD8007A3DDC /* Release */,
			);
			defaultConfigurationIsVisible = 0;
		};
/* End XCConfigurationList section */
	};
	rootObject = 325034511D518AD8007A3DDC /* Project object */;
}
